
Microsoft Visual Studio Solution File, Format Version 12.00
# Visual Studio Version 16
VisualStudioVersion = 16.0.30413.136
MinimumVisualStudioVersion = 10.0.40219.1
Project("{9A19103F-16F7-4668-BE54-9A1E7A4F7556}") = "Tauridia.Web.Server", "Tauridia.Web.Server\Tauridia.Web.Server.csproj", "{9A402F59-9E77-4409-8893-C5E604342CA0}"
EndProject
Project("{9A19103F-16F7-4668-BE54-9A1E7A4F7556}") = "Tauridia.Web.Core", "Tauridia.Web.Core\Tauridia.Web.Core.csproj", "{595BD527-0CE4-4F3B-A524-795B4D1CD036}"
EndProject
Project("{9A19103F-16F7-4668-BE54-9A1E7A4F7556}") = "Tauridia.Core", "Tauridia.Core\Tauridia.Core.csproj", "{C09B7D1C-6428-48FD-B427-0741992E6472}"
EndProject
Project("{9A19103F-16F7-4668-BE54-9A1E7A4F7556}") = "Tauridia.App", "Tauridia.App\Tauridia.App.csproj", "{DC396CA5-DDFA-4A5B-A0CB-32006ECCB059}"
EndProject
Project("{9A19103F-16F7-4668-BE54-9A1E7A4F7556}") = "Tauridia.Project", "Tauridia.Project\Tauridia.Project.csproj", "{8451F26F-77E3-4072-B61E-C6A61BC8A643}"
EndProject
Project("{9A19103F-16F7-4668-BE54-9A1E7A4F7556}") = "Tauridia.App.Core", "Tauridia.App.Core\Tauridia.App.Core.csproj", "{216112FC-5927-4233-B451-DA62DEDD381E}"
EndProject
Project("{FAE04EC0-301F-11D3-BF4B-00C04F79EFBC}") = "Tauridia.Console.Test", "Tauridia.Console.Test\Tauridia.Console.Test.csproj", "{6F64D20A-F30A-48A9-843C-26863A571730}"
EndProject
Global
	GlobalSection(SolutionConfigurationPlatforms) = preSolution
		Debug|Any CPU = Debug|Any CPU
		Release|Any CPU = Release|Any CPU
	EndGlobalSection
	GlobalSection(ProjectConfigurationPlatforms) = postSolution
		{9A402F59-9E77-4409-8893-C5E604342CA0}.Debug|Any CPU.ActiveCfg = Debug|Any CPU
		{9A402F59-9E77-4409-8893-C5E604342CA0}.Debug|Any CPU.Build.0 = Debug|Any CPU
		{9A402F59-9E77-4409-8893-C5E604342CA0}.Release|Any CPU.ActiveCfg = Release|Any CPU
		{9A402F59-9E77-4409-8893-C5E604342CA0}.Release|Any CPU.Build.0 = Release|Any CPU
		{595BD527-0CE4-4F3B-A524-795B4D1CD036}.Debug|Any CPU.ActiveCfg = Debug|Any CPU
		{595BD527-0CE4-4F3B-A524-795B4D1CD036}.Debug|Any CPU.Build.0 = Debug|Any CPU
		{595BD527-0CE4-4F3B-A524-795B4D1CD036}.Release|Any CPU.ActiveCfg = Release|Any CPU
		{595BD527-0CE4-4F3B-A524-795B4D1CD036}.Release|Any CPU.Build.0 = Release|Any CPU
		{C09B7D1C-6428-48FD-B427-0741992E6472}.Debug|Any CPU.ActiveCfg = Debug|Any CPU
		{C09B7D1C-6428-48FD-B427-0741992E6472}.Debug|Any CPU.Build.0 = Debug|Any CPU
		{C09B7D1C-6428-48FD-B427-0741992E6472}.Release|Any CPU.ActiveCfg = Release|Any CPU
		{C09B7D1C-6428-48FD-B427-0741992E6472}.Release|Any CPU.Build.0 = Release|Any CPU
		{DC396CA5-DDFA-4A5B-A0CB-32006ECCB059}.Debug|Any CPU.ActiveCfg = Debug|Any CPU
		{DC396CA5-DDFA-4A5B-A0CB-32006ECCB059}.Debug|Any CPU.Build.0 = Debug|Any CPU
		{DC396CA5-DDFA-4A5B-A0CB-32006ECCB059}.Release|Any CPU.ActiveCfg = Release|Any CPU
		{DC396CA5-DDFA-4A5B-A0CB-32006ECCB059}.Release|Any CPU.Build.0 = Release|Any CPU
		{8451F26F-77E3-4072-B61E-C6A61BC8A643}.Debug|Any CPU.ActiveCfg = Debug|Any CPU
		{8451F26F-77E3-4072-B61E-C6A61BC8A643}.Debug|Any CPU.Build.0 = Debug|Any CPU
		{8451F26F-77E3-4072-B61E-C6A61BC8A643}.Release|Any CPU.ActiveCfg = Release|Any CPU
		{8451F26F-77E3-4072-B61E-C6A61BC8A643}.Release|Any CPU.Build.0 = Release|Any CPU
		{216112FC-5927-4233-B451-DA62DEDD381E}.Debug|Any CPU.ActiveCfg = Debug|Any CPU
		{216112FC-5927-4233-B451-DA62DEDD381E}.Debug|Any CPU.Build.0 = Debug|Any CPU
		{216112FC-5927-4233-B451-DA62DEDD381E}.Release|Any CPU.ActiveCfg = Release|Any CPU
		{216112FC-5927-4233-B451-DA62DEDD381E}.Release|Any CPU.Build.0 = Release|Any CPU
		{6F64D20A-F30A-48A9-843C-26863A571730}.Debug|Any CPU.ActiveCfg = Debug|Any CPU
		{6F64D20A-F30A-48A9-843C-26863A571730}.Debug|Any CPU.Build.0 = Debug|Any CPU
		{6F64D20A-F30A-48A9-843C-26863A571730}.Release|Any CPU.ActiveCfg = Release|Any CPU
		{6F64D20A-F30A-48A9-843C-26863A571730}.Release|Any CPU.Build.0 = Release|Any CPU
	EndGlobalSection
	GlobalSection(SolutionProperties) = preSolution
		HideSolutionNode = FALSE
	EndGlobalSection
	GlobalSection(ExtensibilityGlobals) = postSolution
		SolutionGuid = {D312F7AB-C5DB-4616-92AE-BF840FD1A717}
	EndGlobalSection
EndGlobal
